
Microsoft Visual Studio Solution File, Format Version 12.00
# Visual Studio Version 17
VisualStudioVersion = 17.8.34330.188
MinimumVisualStudioVersion = 10.0.40219.1
Project("{FAE04EC0-301F-11D3-BF4B-00C04F79EFBC}") = "PublicRequestApp", "PublicRequestApp\PublicRequestApp.csproj", "{5ECE4F41-7435-4265-8C57-FFB108F187A7}"
EndProject
Global
	GlobalSection(SolutionConfigurationPlatforms) = preSolution
		Debug|Any CPU = Debug|Any CPU
		Release|Any CPU = Release|Any CPU
	EndGlobalSection
	GlobalSection(ProjectConfigurationPlatforms) = postSolution
		{5ECE4F41-7435-4265-8C57-FFB108F187A7}.Debug|Any CPU.ActiveCfg = Debug|Any CPU
		{5ECE4F41-7435-4265-8C57-FFB108F187A7}.Debug|Any CPU.Build.0 = Debug|Any CPU
		{5ECE4F41-7435-4265-8C57-FFB108F187A7}.Release|Any CPU.ActiveCfg = Release|Any CPU
		{5ECE4F41-7435-4265-8C57-FFB108F187A7}.Release|Any CPU.Build.0 = Release|Any CPU
	EndGlobalSection
	GlobalSection(SolutionProperties) = preSolution
		HideSolutionNode = FALSE
	EndGlobalSection
	GlobalSection(ExtensibilityGlobals) = postSolution
		SolutionGuid = {993B5528-8470-45DC-87EF-6D2678882930}
	EndGlobalSection
EndGlobal
